{
  "object": {
    "pins": [
      {
        "package": "HelloColors",
        "repositoryURL": "https://github.com/hello-apps/hello-color",
        "state": {
          "branch": "main",
          "revision": "a712018900b33d2c65f77fffd86d32c3706b3cbd",
          "version": null
        }
      },
      {
        "package": "SwiftConvenience",
        "repositoryURL": "https://github.com/hello-apps/swift-convenience",
        "state": {
          "branch": "main",
          "revision": "fcaac675a3ed55029bcf4e28850dda57f5550649",
          "version": null
        }
      },
      {
        "package": "SwiftUIConvenience",
        "repositoryURL": "https://github.com/hello-apps/swiftui-convenience",
        "state": {
          "branch": "main",
          "revision": "0238827594650a92623a4d105da61000712c2aec",
          "version": null
        }
      }
    ]
  },
  "version": 1
}
