{
  "object": {
    "pins": [
      {
        "package": "HelloColor",
        "repositoryURL": "https://github.com/hello-apps/hello-color",
        "state": {
          "branch": "main",
          "revision": "bde80254dc7d1e28d3c8730675fd5a54ea48de8f",
          "version": null
        }
      },
      {
        "package": "SwiftConvenience",
        "repositoryURL": "https://github.com/hello-apps/swift-convenience",
        "state": {
          "branch": "main",
          "revision": "68a8b3732d58f0a4da156f9881da685e9fc5a6e2",
          "version": null
        }
      },
      {
        "package": "SwiftUIConvenience",
        "repositoryURL": "https://github.com/hello-apps/swiftui-convenience",
        "state": {
          "branch": "main",
          "revision": "e36d62a87feda1c588ddb157085a27da0851506d",
          "version": null
        }
      }
    ]
  },
  "version": 1
}
